
Microsoft Visual Studio Solution File, Format Version 12.00
# Visual Studio 2013
VisualStudioVersion = 12.0.31101.0
MinimumVisualStudioVersion = 10.0.40219.1
Project("{FAE04EC0-301F-11D3-BF4B-00C04F79EFBC}") = "EID.Wrapper", "EID.Wrapper\EID.Wrapper.csproj", "{16C3782E-A7B2-4D28-B900-BDD870416683}"
EndProject
Project("{FAE04EC0-301F-11D3-BF4B-00C04F79EFBC}") = "Pkcs11Net", "pkcs11Wrapper\Pkcs11Net.csproj", "{3845DF22-E6C6-482D-B38C-45C3B92FA5B7}"
EndProject
Project("{FAE04EC0-301F-11D3-BF4B-00C04F79EFBC}") = "Pkcs11NetEtokenExtensions", "pkcs11Wrapper\Pkcs11NetEtokenExtensions.csproj", "{6DFB1374-9BAE-4AD3-A160-EEF7CFDF6162}"
EndProject
Project("{FAE04EC0-301F-11D3-BF4B-00C04F79EFBC}") = "Pkcs11NetTests", "pkcs11Wrapper\Pkcs11NetTests.csproj", "{120B06A8-B911-4AD7-B86B-F02AE9613159}"
EndProject
Project("{FAE04EC0-301F-11D3-BF4B-00C04F79EFBC}") = "TestsApplication", "pkcs11Wrapper\TestsApplication.csproj", "{D8BC1726-19E0-4CFE-A306-5C194315E0D8}"
EndProject
Project("{2150E333-8FDC-42A3-9474-1A3956D46DE8}") = "PKCS11Wrapper", "PKCS11Wrapper", "{4081E3C7-C79A-464E-8708-397EE637402D}"
EndProject
Project("{FAE04EC0-301F-11D3-BF4B-00C04F79EFBC}") = "EID.Wrapper.Console", "EID.Wrapper.Console\EID.Wrapper.Console.csproj", "{09AF51D8-4326-4DF2-BACF-E987634A551C}"
EndProject
Global
	GlobalSection(SolutionConfigurationPlatforms) = preSolution
		Debug|Any CPU = Debug|Any CPU
		Debug|Mixed Platforms = Debug|Mixed Platforms
		Debug|x64 = Debug|x64
		Debug|x86 = Debug|x86
		Release|Any CPU = Release|Any CPU
		Release|Mixed Platforms = Release|Mixed Platforms
		Release|x64 = Release|x64
		Release|x86 = Release|x86
	EndGlobalSection
	GlobalSection(ProjectConfigurationPlatforms) = postSolution
		{16C3782E-A7B2-4D28-B900-BDD870416683}.Debug|Any CPU.ActiveCfg = Debug|Any CPU
		{16C3782E-A7B2-4D28-B900-BDD870416683}.Debug|Any CPU.Build.0 = Debug|Any CPU
		{16C3782E-A7B2-4D28-B900-BDD870416683}.Debug|Mixed Platforms.ActiveCfg = Debug|Any CPU
		{16C3782E-A7B2-4D28-B900-BDD870416683}.Debug|Mixed Platforms.Build.0 = Debug|Any CPU
		{16C3782E-A7B2-4D28-B900-BDD870416683}.Debug|x64.ActiveCfg = Debug|Any CPU
		{16C3782E-A7B2-4D28-B900-BDD870416683}.Debug|x86.ActiveCfg = Debug|Any CPU
		{16C3782E-A7B2-4D28-B900-BDD870416683}.Release|Any CPU.ActiveCfg = Release|Any CPU
		{16C3782E-A7B2-4D28-B900-BDD870416683}.Release|Any CPU.Build.0 = Release|Any CPU
		{16C3782E-A7B2-4D28-B900-BDD870416683}.Release|Mixed Platforms.ActiveCfg = Release|Any CPU
		{16C3782E-A7B2-4D28-B900-BDD870416683}.Release|Mixed Platforms.Build.0 = Release|Any CPU
		{16C3782E-A7B2-4D28-B900-BDD870416683}.Release|x64.ActiveCfg = Release|Any CPU
		{16C3782E-A7B2-4D28-B900-BDD870416683}.Release|x86.ActiveCfg = Release|Any CPU
		{3845DF22-E6C6-482D-B38C-45C3B92FA5B7}.Debug|Any CPU.ActiveCfg = Debug|x86
		{3845DF22-E6C6-482D-B38C-45C3B92FA5B7}.Debug|Mixed Platforms.ActiveCfg = Debug|x86
		{3845DF22-E6C6-482D-B38C-45C3B92FA5B7}.Debug|Mixed Platforms.Build.0 = Debug|x86
		{3845DF22-E6C6-482D-B38C-45C3B92FA5B7}.Debug|x64.ActiveCfg = Debug|x86
		{3845DF22-E6C6-482D-B38C-45C3B92FA5B7}.Debug|x86.ActiveCfg = Debug|x86
		{3845DF22-E6C6-482D-B38C-45C3B92FA5B7}.Debug|x86.Build.0 = Debug|x86
		{3845DF22-E6C6-482D-B38C-45C3B92FA5B7}.Release|Any CPU.ActiveCfg = Release|x86
		{3845DF22-E6C6-482D-B38C-45C3B92FA5B7}.Release|Mixed Platforms.ActiveCfg = Release|x86
		{3845DF22-E6C6-482D-B38C-45C3B92FA5B7}.Release|Mixed Platforms.Build.0 = Release|x86
		{3845DF22-E6C6-482D-B38C-45C3B92FA5B7}.Release|x64.ActiveCfg = Release|x86
		{3845DF22-E6C6-482D-B38C-45C3B92FA5B7}.Release|x86.ActiveCfg = Release|x86
		{3845DF22-E6C6-482D-B38C-45C3B92FA5B7}.Release|x86.Build.0 = Release|x86
		{6DFB1374-9BAE-4AD3-A160-EEF7CFDF6162}.Debug|Any CPU.ActiveCfg = Debug|Any CPU
		{6DFB1374-9BAE-4AD3-A160-EEF7CFDF6162}.Debug|Any CPU.Build.0 = Debug|Any CPU
		{6DFB1374-9BAE-4AD3-A160-EEF7CFDF6162}.Debug|Mixed Platforms.ActiveCfg = Debug|Any CPU
		{6DFB1374-9BAE-4AD3-A160-EEF7CFDF6162}.Debug|Mixed Platforms.Build.0 = Debug|Any CPU
		{6DFB1374-9BAE-4AD3-A160-EEF7CFDF6162}.Debug|x64.ActiveCfg = Debug|Any CPU
		{6DFB1374-9BAE-4AD3-A160-EEF7CFDF6162}.Debug|x86.ActiveCfg = Debug|Any CPU
		{6DFB1374-9BAE-4AD3-A160-EEF7CFDF6162}.Release|Any CPU.ActiveCfg = Release|Any CPU
		{6DFB1374-9BAE-4AD3-A160-EEF7CFDF6162}.Release|Any CPU.Build.0 = Release|Any CPU
		{6DFB1374-9BAE-4AD3-A160-EEF7CFDF6162}.Release|Mixed Platforms.ActiveCfg = Release|Any CPU
		{6DFB1374-9BAE-4AD3-A160-EEF7CFDF6162}.Release|Mixed Platforms.Build.0 = Release|Any CPU
		{6DFB1374-9BAE-4AD3-A160-EEF7CFDF6162}.Release|x64.ActiveCfg = Release|Any CPU
		{6DFB1374-9BAE-4AD3-A160-EEF7CFDF6162}.Release|x86.ActiveCfg = Release|Any CPU
		{120B06A8-B911-4AD7-B86B-F02AE9613159}.Debug|Any CPU.ActiveCfg = Debug|Any CPU
		{120B06A8-B911-4AD7-B86B-F02AE9613159}.Debug|Any CPU.Build.0 = Debug|Any CPU
		{120B06A8-B911-4AD7-B86B-F02AE9613159}.Debug|Mixed Platforms.ActiveCfg = Debug|Any CPU
		{120B06A8-B911-4AD7-B86B-F02AE9613159}.Debug|Mixed Platforms.Build.0 = Debug|Any CPU
		{120B06A8-B911-4AD7-B86B-F02AE9613159}.Debug|x64.ActiveCfg = Debug|Any CPU
		{120B06A8-B911-4AD7-B86B-F02AE9613159}.Debug|x86.ActiveCfg = Debug|Any CPU
		{120B06A8-B911-4AD7-B86B-F02AE9613159}.Release|Any CPU.ActiveCfg = Release|Any CPU
		{120B06A8-B911-4AD7-B86B-F02AE9613159}.Release|Any CPU.Build.0 = Release|Any CPU
		{120B06A8-B911-4AD7-B86B-F02AE9613159}.Release|Mixed Platforms.ActiveCfg = Release|Any CPU
		{120B06A8-B911-4AD7-B86B-F02AE9613159}.Release|Mixed Platforms.Build.0 = Release|Any CPU
		{120B06A8-B911-4AD7-B86B-F02AE9613159}.Release|x64.ActiveCfg = Release|Any CPU
		{120B06A8-B911-4AD7-B86B-F02AE9613159}.Release|x86.ActiveCfg = Release|Any CPU
		{D8BC1726-19E0-4CFE-A306-5C194315E0D8}.Debug|Any CPU.ActiveCfg = Debug|x86
		{D8BC1726-19E0-4CFE-A306-5C194315E0D8}.Debug|Mixed Platforms.ActiveCfg = Debug|x86
		{D8BC1726-19E0-4CFE-A306-5C194315E0D8}.Debug|Mixed Platforms.Build.0 = Debug|x86
		{D8BC1726-19E0-4CFE-A306-5C194315E0D8}.Debug|x64.ActiveCfg = Debug|x86
		{D8BC1726-19E0-4CFE-A306-5C194315E0D8}.Debug|x86.ActiveCfg = Debug|x86
		{D8BC1726-19E0-4CFE-A306-5C194315E0D8}.Debug|x86.Build.0 = Debug|x86
		{D8BC1726-19E0-4CFE-A306-5C194315E0D8}.Release|Any CPU.ActiveCfg = Release|x86
		{D8BC1726-19E0-4CFE-A306-5C194315E0D8}.Release|Mixed Platforms.ActiveCfg = Release|x86
		{D8BC1726-19E0-4CFE-A306-5C194315E0D8}.Release|Mixed Platforms.Build.0 = Release|x86
		{D8BC1726-19E0-4CFE-A306-5C194315E0D8}.Release|x64.ActiveCfg = Release|x86
		{D8BC1726-19E0-4CFE-A306-5C194315E0D8}.Release|x86.ActiveCfg = Release|x86
		{D8BC1726-19E0-4CFE-A306-5C194315E0D8}.Release|x86.Build.0 = Release|x86
		{09AF51D8-4326-4DF2-BACF-E987634A551C}.Debug|Any CPU.ActiveCfg = Debug|Any CPU
		{09AF51D8-4326-4DF2-BACF-E987634A551C}.Debug|Any CPU.Build.0 = Debug|Any CPU
		{09AF51D8-4326-4DF2-BACF-E987634A551C}.Debug|Mixed Platforms.ActiveCfg = Debug|Any CPU
		{09AF51D8-4326-4DF2-BACF-E987634A551C}.Debug|Mixed Platforms.Build.0 = Debug|Any CPU
		{09AF51D8-4326-4DF2-BACF-E987634A551C}.Debug|x64.ActiveCfg = Debug|x64
		{09AF51D8-4326-4DF2-BACF-E987634A551C}.Debug|x64.Build.0 = Debug|x64
		{09AF51D8-4326-4DF2-BACF-E987634A551C}.Debug|x86.ActiveCfg = Debug|Any CPU
		{09AF51D8-4326-4DF2-BACF-E987634A551C}.Release|Any CPU.ActiveCfg = Release|Any CPU
		{09AF51D8-4326-4DF2-BACF-E987634A551C}.Release|Any CPU.Build.0 = Release|Any CPU
		{09AF51D8-4326-4DF2-BACF-E987634A551C}.Release|Mixed Platforms.ActiveCfg = Release|Any CPU
		{09AF51D8-4326-4DF2-BACF-E987634A551C}.Release|Mixed Platforms.Build.0 = Release|Any CPU
		{09AF51D8-4326-4DF2-BACF-E987634A551C}.Release|x64.ActiveCfg = Release|x64
		{09AF51D8-4326-4DF2-BACF-E987634A551C}.Release|x64.Build.0 = Release|x64
		{09AF51D8-4326-4DF2-BACF-E987634A551C}.Release|x86.ActiveCfg = Release|Any CPU
	EndGlobalSection
	GlobalSection(SolutionProperties) = preSolution
		HideSolutionNode = FALSE
	EndGlobalSection
	GlobalSection(NestedProjects) = preSolution
		{3845DF22-E6C6-482D-B38C-45C3B92FA5B7} = {4081E3C7-C79A-464E-8708-397EE637402D}
		{6DFB1374-9BAE-4AD3-A160-EEF7CFDF6162} = {4081E3C7-C79A-464E-8708-397EE637402D}
		{120B06A8-B911-4AD7-B86B-F02AE9613159} = {4081E3C7-C79A-464E-8708-397EE637402D}
		{D8BC1726-19E0-4CFE-A306-5C194315E0D8} = {4081E3C7-C79A-464E-8708-397EE637402D}
	EndGlobalSection
EndGlobal
